
Microsoft Visual Studio Solution File, Format Version 12.00
# Visual Studio Version 17
VisualStudioVersion = 17.1.32421.90
MinimumVisualStudioVersion = 10.0.40219.1
Project("{FAE04EC0-301F-11D3-BF4B-00C04F79EFBC}") = "NoteTaking App", "NoteTaking App.csproj", "{692750BB-1AFD-4405-A9AA-E04C6976E04B}"
EndProject
Global
	GlobalSection(SolutionConfigurationPlatforms) = preSolution
		Debug|Any CPU = Debug|Any CPU
		Release|Any CPU = Release|Any CPU
	EndGlobalSection
	GlobalSection(ProjectConfigurationPlatforms) = postSolution
		{692750BB-1AFD-4405-A9AA-E04C6976E04B}.Debug|Any CPU.ActiveCfg = Debug|Any CPU
		{692750BB-1AFD-4405-A9AA-E04C6976E04B}.Debug|Any CPU.Build.0 = Debug|Any CPU
		{692750BB-1AFD-4405-A9AA-E04C6976E04B}.Release|Any CPU.ActiveCfg = Release|Any CPU
		{692750BB-1AFD-4405-A9AA-E04C6976E04B}.Release|Any CPU.Build.0 = Release|Any CPU
	EndGlobalSection
	GlobalSection(SolutionProperties) = preSolution
		HideSolutionNode = FALSE
	EndGlobalSection
	GlobalSection(ExtensibilityGlobals) = postSolution
		SolutionGuid = {FC58E682-0A2D-434C-B038-E9DE5DBB6872}
	EndGlobalSection
EndGlobal
