
Microsoft Visual Studio Solution File, Format Version 12.00
# Visual Studio Version 17
VisualStudioVersion = 17.1.32421.90
MinimumVisualStudioVersion = 10.0.40219.1
Project("{FAE04EC0-301F-11D3-BF4B-00C04F79EFBC}") = "Money Maker", "Money Maker.csproj", "{AF5480E7-B457-4924-AC19-FE79FC30768B}"
EndProject
Global
	GlobalSection(SolutionConfigurationPlatforms) = preSolution
		Debug|Any CPU = Debug|Any CPU
		Release|Any CPU = Release|Any CPU
	EndGlobalSection
	GlobalSection(ProjectConfigurationPlatforms) = postSolution
		{AF5480E7-B457-4924-AC19-FE79FC30768B}.Debug|Any CPU.ActiveCfg = Debug|Any CPU
		{AF5480E7-B457-4924-AC19-FE79FC30768B}.Debug|Any CPU.Build.0 = Debug|Any CPU
		{AF5480E7-B457-4924-AC19-FE79FC30768B}.Release|Any CPU.ActiveCfg = Release|Any CPU
		{AF5480E7-B457-4924-AC19-FE79FC30768B}.Release|Any CPU.Build.0 = Release|Any CPU
	EndGlobalSection
	GlobalSection(SolutionProperties) = preSolution
		HideSolutionNode = FALSE
	EndGlobalSection
	GlobalSection(ExtensibilityGlobals) = postSolution
		SolutionGuid = {23EB006A-6F88-4297-B6FA-4768287502FC}
	EndGlobalSection
EndGlobal
